<?xml version="1.0" encoding="utf-8"?>
<Project ToolsVersion="4.0" xmlns="http://schemas.microsoft.com/developer/msbuild/2003">
  <ItemGroup>
    <Filter Include="소스 파일">
      <UniqueIdentifier>{4FC737F1-C7A5-4376-A066-2A32D752A2FF}</UniqueIdentifier>
      <Extensions>cpp;c;cc;cxx;c++;cppm;ixx;def;odl;idl;hpj;bat;asm;asmx</Extensions>
    </Filter>
    <Filter Include="헤더 파일">
      <UniqueIdentifier>{93995380-89BD-4b04-88EB-625FBE52EBFB}</UniqueIdentifier>
      <Extensions>h;hh;hpp;hxx;h++;hm;inl;inc;ipp;xsd</Extensions>
    </Filter>
    <Filter Include="리소스 파일">
      <UniqueIdentifier>{67DA6AB6-F800-4c08-8B7A-83BB121AAD01}</UniqueIdentifier>
      <Extensions>rc;ico;cur;bmp;dlg;rc2;rct;bin;rgs;gif;jpg;jpeg;jpe;resx;tiff;tif;png;wav;mfcribbon-ms</Extensions>
    </Filter>
    <Filter Include="소스 파일\Field">
      <UniqueIdentifier>{7ad8d7a1-86a3-47a2-b79c-0977d1030780}</UniqueIdentifier>
    </Filter>
    <Filter Include="헤더 파일\Field">
      <UniqueIdentifier>{f24c8d81-1e1a-4080-8fd1-dc608eee4c8f}</UniqueIdentifier>
    </Filter>
    <Filter Include="소스 파일\Object">
      <UniqueIdentifier>{aa6d1151-2003-40ae-9c98-1ff9ce4e95e0}</UniqueIdentifier>
    </Filter>
    <Filter Include="소스 파일\NPC">
      <UniqueIdentifier>{66f1a15d-c9ed-47cd-aca2-60a248c821b1}</UniqueIdentifier>
    </Filter>
    <Filter Include="헤더 파일\NPC">
      <UniqueIdentifier>{d96ef19b-63a3-4019-b62e-1d81b1bc595e}</UniqueIdentifier>
    </Filter>
  </ItemGroup>
  <ItemGroup>
    <ClInclude Include="framework.h">
      <Filter>헤더 파일</Filter>
    </ClInclude>
    <ClInclude Include="targetver.h">
      <Filter>헤더 파일</Filter>
    </ClInclude>
    <ClInclude Include="Resource.h">
      <Filter>헤더 파일</Filter>
    </ClInclude>
    <ClInclude Include="ZeldaGame.h">
      <Filter>헤더 파일</Filter>
    </ClInclude>
    <ClInclude Include="GameManager.h">
      <Filter>헤더 파일</Filter>
    </ClInclude>
    <ClInclude Include="BitMapManager.h">
      <Filter>헤더 파일</Filter>
    </ClInclude>
    <ClInclude Include="BitMap.h">
      <Filter>헤더 파일</Filter>
    </ClInclude>
    <ClInclude Include="Menu.h">
      <Filter>헤더 파일</Filter>
    </ClInclude>
    <ClInclude Include="Object.h">
      <Filter>헤더 파일</Filter>
    </ClInclude>
    <ClInclude Include="Title.h">
      <Filter>헤더 파일</Filter>
    </ClInclude>
    <ClInclude Include="BackGround.h">
      <Filter>헤더 파일</Filter>
    </ClInclude>
    <ClInclude Include="Player.h">
      <Filter>헤더 파일</Filter>
    </ClInclude>
    <ClInclude Include="Camera.h">
      <Filter>헤더 파일</Filter>
    </ClInclude>
    <ClInclude Include="Water.h">
      <Filter>헤더 파일</Filter>
    </ClInclude>
    <ClInclude Include="Obstacle.h">
      <Filter>헤더 파일</Filter>
    </ClInclude>
    <ClInclude Include="HUD.h">
      <Filter>헤더 파일</Filter>
    </ClInclude>
    <ClInclude Include="Inventory.h">
      <Filter>헤더 파일</Filter>
    </ClInclude>
    <ClInclude Include="Item.h">
      <Filter>헤더 파일</Filter>
    </ClInclude>
    <ClInclude Include="Field.h">
      <Filter>헤더 파일\Field</Filter>
    </ClInclude>
    <ClInclude Include="ShoeStroe_Field.h">
      <Filter>헤더 파일\Field</Filter>
    </ClInclude>
    <ClInclude Include="Store_Field.h">
      <Filter>헤더 파일\Field</Filter>
    </ClInclude>
    <ClInclude Include="StoreRoom_Field.h">
      <Filter>헤더 파일\Field</Filter>
    </ClInclude>
    <ClInclude Include="NPC.h">
      <Filter>헤더 파일\NPC</Filter>
    </ClInclude>
    <ClInclude Include="FieldNPC.h">
      <Filter>헤더 파일\NPC</Filter>
    </ClInclude>
    <ClInclude Include="ShoeNPC.h">
      <Filter>헤더 파일</Filter>
    </ClInclude>
    <ClInclude Include="StoreNPC.h">
      <Filter>헤더 파일</Filter>
    </ClInclude>
    <ClInclude Include="dstrObj.h">
      <Filter>헤더 파일</Filter>
    </ClInclude>
    <ClInclude Include="Coin.h">
      <Filter>헤더 파일</Filter>
    </ClInclude>
  </ItemGroup>
  <ItemGroup>
    <ClCompile Include="ZeldaGame.cpp">
      <Filter>소스 파일</Filter>
    </ClCompile>
    <ClCompile Include="GameManager.cpp">
      <Filter>소스 파일</Filter>
    </ClCompile>
    <ClCompile Include="BitMapManager.cpp">
      <Filter>소스 파일</Filter>
    </ClCompile>
    <ClCompile Include="BitMap.cpp">
      <Filter>소스 파일</Filter>
    </ClCompile>
    <ClCompile Include="Menu.cpp">
      <Filter>소스 파일</Filter>
    </ClCompile>
    <ClCompile Include="Title.cpp">
      <Filter>소스 파일</Filter>
    </ClCompile>
    <ClCompile Include="BackGround.cpp">
      <Filter>소스 파일</Filter>
    </ClCompile>
    <ClCompile Include="Player.cpp">
      <Filter>소스 파일</Filter>
    </ClCompile>
    <ClCompile Include="Camera.cpp">
      <Filter>소스 파일</Filter>
    </ClCompile>
    <ClCompile Include="Water.cpp">
      <Filter>소스 파일</Filter>
    </ClCompile>
    <ClCompile Include="Obstacle.cpp">
      <Filter>소스 파일</Filter>
    </ClCompile>
    <ClCompile Include="HUD.cpp">
      <Filter>소스 파일</Filter>
    </ClCompile>
    <ClCompile Include="Inventory.cpp">
      <Filter>소스 파일</Filter>
    </ClCompile>
    <ClCompile Include="Item.cpp">
      <Filter>소스 파일</Filter>
    </ClCompile>
    <ClCompile Include="Field.cpp">
      <Filter>소스 파일\Field</Filter>
    </ClCompile>
    <ClCompile Include="ShoeStroe_Field.cpp">
      <Filter>소스 파일\Field</Filter>
    </ClCompile>
    <ClCompile Include="Store_Field.cpp">
      <Filter>소스 파일\Field</Filter>
    </ClCompile>
    <ClCompile Include="StoreRoom_Field.cpp">
      <Filter>소스 파일\Field</Filter>
    </ClCompile>
    <ClCompile Include="NPC.cpp">
      <Filter>소스 파일\NPC</Filter>
    </ClCompile>
    <ClCompile Include="FieldNPC.cpp">
      <Filter>소스 파일\NPC</Filter>
    </ClCompile>
    <ClCompile Include="ShoeNPC.cpp">
      <Filter>소스 파일\NPC</Filter>
    </ClCompile>
    <ClCompile Include="StoreNPC.cpp">
      <Filter>소스 파일</Filter>
    </ClCompile>
    <ClCompile Include="dstrObj.cpp">
      <Filter>소스 파일</Filter>
    </ClCompile>
    <ClCompile Include="Coin.cpp">
      <Filter>소스 파일</Filter>
    </ClCompile>
  </ItemGroup>
  <ItemGroup>
    <ResourceCompile Include="ZeldaGame.rc">
      <Filter>리소스 파일</Filter>
    </ResourceCompile>
  </ItemGroup>
  <ItemGroup>
    <Image Include="small.ico">
      <Filter>리소스 파일</Filter>
    </Image>
    <Image Include="ZeldaGame.ico">
      <Filter>리소스 파일</Filter>
    </Image>
  </ItemGroup>
</Project>